{
  "name": "searoute-js",
  "version": "0.1.0",
  "lockfileVersion": 3,
  "requires": true,
  "packages": {
    "": {
      "version": "0.1.0",
      "license": "MPL-2.0",
      "dependencies": {
        "@turf/helpers": "^6.1.4",
        "@turf/length": "^6.0.2",
        "@turf/point-to-line-distance": "^6.0.0",
        "geojson-path-finder": "^1.5.2"
      }
    },
    "node_modules/@turf/bearing": {
      "version": "6.0.1",
      "resolved": "https://registry.npmjs.org/@turf/bearing/-/bearing-6.0.1.tgz",
      "integrity": "sha512-mXY1NozqV9EFfBTbUItujwfqfQF0G/Xe2fzvnZle90ekPEUfhi4Dgf5JswJTd96J9LiT8kcd6Jonp5khnx0wIg==",
      "dependencies": {
        "@turf/helpers": "6.x",
        "@turf/invariant": "6.x"
      }
    },
    "node_modules/@turf/clone": {
      "version": "6.0.2",
      "resolved": "https://registry.npmjs.org/@turf/clone/-/clone-6.0.2.tgz",
      "integrity": "sha512-UVpYPnW3wRj3bPncR6Z2PRbowBk+nEdVWgGewPxrKKLfvswtVtG9n/OIyvbU3E3ZOadBVxTH2uAMEMOz4800FA==",
      "dependencies": {
        "@turf/helpers": "6.x"
      }
    },
    "node_modules/@turf/distance": {
      "version": "6.5.0",
      "resolved": "https://registry.npmjs.org/@turf/distance/-/distance-6.5.0.tgz",
      "integrity": "sha512-xzykSLfoURec5qvQJcfifw/1mJa+5UwByZZ5TZ8iaqjGYN0vomhV9aiSLeYdUGtYRESZ+DYC/OzY+4RclZYgMg==",
      "license": "MIT",
      "dependencies": {
        "@turf/helpers": "^6.5.0",
        "@turf/invariant": "^6.5.0"
      },
      "funding": {
        "url": "https://opencollective.com/turf"
      }
    },
    "node_modules/@turf/explode": {
      "version": "6.5.0",
      "resolved": "https://registry.npmjs.org/@turf/explode/-/explode-6.5.0.tgz",
      "integrity": "sha512-6cSvMrnHm2qAsace6pw9cDmK2buAlw8+tjeJVXMfMyY+w7ZUi1rprWMsY92J7s2Dar63Bv09n56/1V7+tcj52Q==",
      "license": "MIT",
      "dependencies": {
        "@turf/helpers": "^6.5.0",
        "@turf/meta": "^6.5.0"
      },
      "funding": {
        "url": "https://opencollective.com/turf"
      }
    },
    "node_modules/@turf/helpers": {
      "version": "6.5.0",
      "resolved": "https://registry.npmjs.org/@turf/helpers/-/helpers-6.5.0.tgz",
      "integrity": "sha512-VbI1dV5bLFzohYYdgqwikdMVpe7pJ9X3E+dlr425wa2/sMJqYDhTO++ec38/pcPvPE6oD9WEEeU3Xu3gza+VPw==",
      "license": "MIT",
      "funding": {
        "url": "https://opencollective.com/turf"
      }
    },
    "node_modules/@turf/invariant": {
      "version": "6.5.0",
      "resolved": "https://registry.npmjs.org/@turf/invariant/-/invariant-6.5.0.tgz",
      "integrity": "sha512-Wv8PRNCtPD31UVbdJE/KVAWKe7l6US+lJItRR/HOEW3eh+U/JwRCSUl/KZ7bmjM/C+zLNoreM2TU6OoLACs4eg==",
      "license": "MIT",
      "dependencies": {
        "@turf/helpers": "^6.5.0"
      },
      "funding": {
        "url": "https://opencollective.com/turf"
      }
    },
    "node_modules/@turf/length": {
      "version": "6.0.2",
      "resolved": "https://registry.npmjs.org/@turf/length/-/length-6.0.2.tgz",
      "integrity": "sha512-nyfXMowVtX2dICEG7u7EGC2SMaauVUWIMc9eWQrEauNA/9aw+7wbiuip4GPBoyeXEUUekF0EOjJn5aB9Zc8CzA==",
      "dependencies": {
        "@turf/distance": "6.x",
        "@turf/helpers": "6.x",
        "@turf/meta": "6.x"
      }
    },
    "node_modules/@turf/meta": {
      "version": "6.5.0",
      "resolved": "https://registry.npmjs.org/@turf/meta/-/meta-6.5.0.tgz",
      "integrity": "sha512-RrArvtsV0vdsCBegoBtOalgdSOfkBrTJ07VkpiCnq/491W67hnMWmDu7e6Ztw0C3WldRYTXkg3SumfdzZxLBHA==",
      "license": "MIT",
      "dependencies": {
        "@turf/helpers": "^6.5.0"
      },
      "funding": {
        "url": "https://opencollective.com/turf"
      }
    },
    "node_modules/@turf/point-to-line-distance": {
      "version": "6.0.0",
      "resolved": "https://registry.npmjs.org/@turf/point-to-line-distance/-/point-to-line-distance-6.0.0.tgz",
      "integrity": "sha512-2UuZFtn8MRfrqBHSqkrH/jm5q/VedyL7a4YC50Nd5FqXs5TgmAB7ms2igSbCkyaOtRypGhMl9fun3Hg5PIVRMQ==",
      "dependencies": {
        "@turf/bearing": "6.x",
        "@turf/distance": "6.x",
        "@turf/helpers": "6.x",
        "@turf/invariant": "6.x",
        "@turf/meta": "6.x",
        "@turf/projection": "6.x",
        "@turf/rhumb-bearing": "6.x",
        "@turf/rhumb-distance": "6.x"
      }
    },
    "node_modules/@turf/projection": {
      "version": "6.0.1",
      "resolved": "https://registry.npmjs.org/@turf/projection/-/projection-6.0.1.tgz",
      "integrity": "sha512-Y3RvGT6I53MjYKLG69e9sMk45wJXcLbrEO1t6P3WQQQGqA2gYhhMJyV41vE2Z2llrJpvs2dDx/tIeQzGd0HHMQ==",
      "dependencies": {
        "@turf/clone": "6.x",
        "@turf/helpers": "6.x",
        "@turf/meta": "6.x"
      }
    },
    "node_modules/@turf/rhumb-bearing": {
      "version": "6.0.1",
      "resolved": "https://registry.npmjs.org/@turf/rhumb-bearing/-/rhumb-bearing-6.0.1.tgz",
      "integrity": "sha512-MVBra8OVfjM4+/N0B3o6cBIYg9p/uRKzA9uk05RfrzasEbUL1vdD23LkTooVL74Yw4UxL8BQD9hS5Re2COJFDA==",
      "dependencies": {
        "@turf/helpers": "6.x",
        "@turf/invariant": "6.x"
      }
    },
    "node_modules/@turf/rhumb-distance": {
      "version": "6.0.1",
      "resolved": "https://registry.npmjs.org/@turf/rhumb-distance/-/rhumb-distance-6.0.1.tgz",
      "integrity": "sha512-3G45DQtQByzzfHFPcCyJdUZFwsd45zfZ7sAb1ddF7mhEj4G70+T2G3GKjInymqDNrbyh2gbG6wQiZSToC8Uf9g==",
      "dependencies": {
        "@turf/helpers": "6.x",
        "@turf/invariant": "6.x"
      }
    },
    "node_modules/geojson-path-finder": {
      "version": "1.5.3",
      "resolved": "https://registry.npmjs.org/geojson-path-finder/-/geojson-path-finder-1.5.3.tgz",
      "integrity": "sha512-AY04yLLbHQIEfLlCb/kvrU1rJJPuLR0zfWe2fjuquzQdJngvZKN+Fi/mpLoMlimrzDq2xQSYffzIv7XAG0OwZw==",
      "license": "ISC",
      "dependencies": {
        "@turf/distance": "^6.3.0",
        "@turf/explode": "^6.3.0",
        "@turf/helpers": "^6.3.0",
        "tinyqueue": "^2.0.0"
      }
    },
    "node_modules/tinyqueue": {
      "version": "2.0.3",
      "resolved": "https://registry.npmjs.org/tinyqueue/-/tinyqueue-2.0.3.tgz",
      "integrity": "sha512-ppJZNDuKGgxzkHihX8v9v9G5f+18gzaTfrukGrq6ueg0lmH4nqVnA2IPG0AEH3jKEk2GRJCUhDoqpoiw3PHLBA=="
    }
  }
}
