lockfileVersion: '9.0'

settings:
  autoInstallPeers: true
  excludeLinksFromLockfile: false

importers:

  .:
    dependencies:
      '@turf/helpers':
        specifier: ^6.5.0
        version: 6.5.0
      '@turf/length':
        specifier: ^6.5.0
        version: 6.5.0
      '@turf/meta':
        specifier: ^7.3.4
        version: 7.3.4
      '@turf/point-to-line-distance':
        specifier: ^6.5.0
        version: 6.5.0
      '@turf/rhumb-distance':
        specifier: ^7.3.4
        version: 7.3.4
      geojson-path-finder:
        specifier: ^1.5.3
        version: 1.5.3

packages:

  '@turf/bearing@6.5.0':
    resolution: {integrity: sha512-dxINYhIEMzgDOztyMZc20I7ssYVNEpSv04VbMo5YPQsqa80KO3TFvbuCahMsCAW5z8Tncc8dwBlEFrmRjJG33A==}

  '@turf/clone@6.5.0':
    resolution: {integrity: sha512-mzVtTFj/QycXOn6ig+annKrM6ZlimreKYz6f/GSERytOpgzodbQyOgkfwru100O1KQhhjSudKK4DsQ0oyi9cTw==}

  '@turf/distance@6.5.0':
    resolution: {integrity: sha512-xzykSLfoURec5qvQJcfifw/1mJa+5UwByZZ5TZ8iaqjGYN0vomhV9aiSLeYdUGtYRESZ+DYC/OzY+4RclZYgMg==}

  '@turf/explode@6.5.0':
    resolution: {integrity: sha512-6cSvMrnHm2qAsace6pw9cDmK2buAlw8+tjeJVXMfMyY+w7ZUi1rprWMsY92J7s2Dar63Bv09n56/1V7+tcj52Q==}

  '@turf/helpers@6.5.0':
    resolution: {integrity: sha512-VbI1dV5bLFzohYYdgqwikdMVpe7pJ9X3E+dlr425wa2/sMJqYDhTO++ec38/pcPvPE6oD9WEEeU3Xu3gza+VPw==}

  '@turf/helpers@7.3.4':
    resolution: {integrity: sha512-U/S5qyqgx3WTvg4twaH0WxF3EixoTCfDsmk98g1E3/5e2YKp7JKYZdz0vivsS5/UZLJeZDEElOSFH4pUgp+l7g==}

  '@turf/invariant@6.5.0':
    resolution: {integrity: sha512-Wv8PRNCtPD31UVbdJE/KVAWKe7l6US+lJItRR/HOEW3eh+U/JwRCSUl/KZ7bmjM/C+zLNoreM2TU6OoLACs4eg==}

  '@turf/invariant@7.3.4':
    resolution: {integrity: sha512-88Eo4va4rce9sNZs6XiMJowWkikM3cS2TBhaCKlU+GFHdNf8PFEpiU42VDU8q5tOF6/fu21Rvlke5odgOGW4AQ==}

  '@turf/length@6.5.0':
    resolution: {integrity: sha512-5pL5/pnw52fck3oRsHDcSGrj9HibvtlrZ0QNy2OcW8qBFDNgZ4jtl6U7eATVoyWPKBHszW3dWETW+iLV7UARig==}

  '@turf/meta@6.5.0':
    resolution: {integrity: sha512-RrArvtsV0vdsCBegoBtOalgdSOfkBrTJ07VkpiCnq/491W67hnMWmDu7e6Ztw0C3WldRYTXkg3SumfdzZxLBHA==}

  '@turf/meta@7.3.4':
    resolution: {integrity: sha512-tlmw9/Hs1p2n0uoHVm1w3ugw1I6L8jv9YZrcdQa4SH5FX5UY0ATrKeIvfA55FlL//PGuYppJp+eyg/0eb4goqw==}

  '@turf/point-to-line-distance@6.5.0':
    resolution: {integrity: sha512-opHVQ4vjUhNBly1bob6RWy+F+hsZDH9SA0UW36pIRzfpu27qipU18xup0XXEePfY6+wvhF6yL/WgCO2IbrLqEA==}

  '@turf/projection@6.5.0':
    resolution: {integrity: sha512-/Pgh9mDvQWWu8HRxqpM+tKz8OzgauV+DiOcr3FCjD6ubDnrrmMJlsf6fFJmggw93mtVPrZRL6yyi9aYCQBOIvg==}

  '@turf/rhumb-bearing@6.5.0':
    resolution: {integrity: sha512-jMyqiMRK4hzREjQmnLXmkJ+VTNTx1ii8vuqRwJPcTlKbNWfjDz/5JqJlb5NaFDcdMpftWovkW5GevfnuzHnOYA==}

  '@turf/rhumb-distance@6.5.0':
    resolution: {integrity: sha512-oKp8KFE8E4huC2Z1a1KNcFwjVOqa99isxNOwfo4g3SUABQ6NezjKDDrnvC4yI5YZ3/huDjULLBvhed45xdCrzg==}

  '@turf/rhumb-distance@7.3.4':
    resolution: {integrity: sha512-phwskeijdgYMsR3qDQmytfsg2iZcp3uWK7UFc76wKTEpxozbDGFI4enX5gXvZPpyI1iD7gsktGqHsO33AjnFDA==}

  '@types/geojson@7946.0.16':
    resolution: {integrity: sha512-6C8nqWur3j98U6+lXDfTUWIfgvZU+EumvpHKcYjujKH7woYyLj2sUmff0tRhrqM7BohUw7Pz3ZB1jj2gW9Fvmg==}

  geojson-path-finder@1.5.3:
    resolution: {integrity: sha512-AY04yLLbHQIEfLlCb/kvrU1rJJPuLR0zfWe2fjuquzQdJngvZKN+Fi/mpLoMlimrzDq2xQSYffzIv7XAG0OwZw==}

  tinyqueue@2.0.3:
    resolution: {integrity: sha512-ppJZNDuKGgxzkHihX8v9v9G5f+18gzaTfrukGrq6ueg0lmH4nqVnA2IPG0AEH3jKEk2GRJCUhDoqpoiw3PHLBA==}

  tslib@2.8.1:
    resolution: {integrity: sha512-oJFu94HQb+KVduSUQL7wnpmqnfmLsOA/nAh6b6EH0wCEoK0/mPeXU6c3wKDV83MkOuHPRHtSXKKU99IBazS/2w==}

snapshots:

  '@turf/bearing@6.5.0':
    dependencies:
      '@turf/helpers': 6.5.0
      '@turf/invariant': 6.5.0

  '@turf/clone@6.5.0':
    dependencies:
      '@turf/helpers': 6.5.0

  '@turf/distance@6.5.0':
    dependencies:
      '@turf/helpers': 6.5.0
      '@turf/invariant': 6.5.0

  '@turf/explode@6.5.0':
    dependencies:
      '@turf/helpers': 6.5.0
      '@turf/meta': 6.5.0

  '@turf/helpers@6.5.0': {}

  '@turf/helpers@7.3.4':
    dependencies:
      '@types/geojson': 7946.0.16
      tslib: 2.8.1

  '@turf/invariant@6.5.0':
    dependencies:
      '@turf/helpers': 6.5.0

  '@turf/invariant@7.3.4':
    dependencies:
      '@turf/helpers': 7.3.4
      '@types/geojson': 7946.0.16
      tslib: 2.8.1

  '@turf/length@6.5.0':
    dependencies:
      '@turf/distance': 6.5.0
      '@turf/helpers': 6.5.0
      '@turf/meta': 6.5.0

  '@turf/meta@6.5.0':
    dependencies:
      '@turf/helpers': 6.5.0

  '@turf/meta@7.3.4':
    dependencies:
      '@turf/helpers': 7.3.4
      '@types/geojson': 7946.0.16
      tslib: 2.8.1

  '@turf/point-to-line-distance@6.5.0':
    dependencies:
      '@turf/bearing': 6.5.0
      '@turf/distance': 6.5.0
      '@turf/helpers': 6.5.0
      '@turf/invariant': 6.5.0
      '@turf/meta': 6.5.0
      '@turf/projection': 6.5.0
      '@turf/rhumb-bearing': 6.5.0
      '@turf/rhumb-distance': 6.5.0

  '@turf/projection@6.5.0':
    dependencies:
      '@turf/clone': 6.5.0
      '@turf/helpers': 6.5.0
      '@turf/meta': 6.5.0

  '@turf/rhumb-bearing@6.5.0':
    dependencies:
      '@turf/helpers': 6.5.0
      '@turf/invariant': 6.5.0

  '@turf/rhumb-distance@6.5.0':
    dependencies:
      '@turf/helpers': 6.5.0
      '@turf/invariant': 6.5.0

  '@turf/rhumb-distance@7.3.4':
    dependencies:
      '@turf/helpers': 7.3.4
      '@turf/invariant': 7.3.4
      '@types/geojson': 7946.0.16
      tslib: 2.8.1

  '@types/geojson@7946.0.16': {}

  geojson-path-finder@1.5.3:
    dependencies:
      '@turf/distance': 6.5.0
      '@turf/explode': 6.5.0
      '@turf/helpers': 6.5.0
      tinyqueue: 2.0.3

  tinyqueue@2.0.3: {}

  tslib@2.8.1: {}
